
Microsoft Visual Studio Solution File, Format Version 12.00
# Visual Studio Version 16
VisualStudioVersion = 16.0.29025.244
MinimumVisualStudioVersion = 10.0.40219.1
Project("{FAE04EC0-301F-11D3-BF4B-00C04F79EFBC}") = "简单工厂模式", "简单工厂模式\简单工厂模式.csproj", "{07027311-0B9C-4586-BA89-EBC928C887CF}"
EndProject
Project("{FAE04EC0-301F-11D3-BF4B-00C04F79EFBC}") = "策略模式", "策略模式\策略模式.csproj", "{5D60DE31-05AF-4BFE-8C91-90D682DBA540}"
EndProject
Project("{FAE04EC0-301F-11D3-BF4B-00C04F79EFBC}") = "装饰模式", "装饰模式\装饰模式.csproj", "{7E3C808C-1B2F-4064-938F-7BFDA8CD373B}"
EndProject
Project("{FAE04EC0-301F-11D3-BF4B-00C04F79EFBC}") = "代理模式", "代理模式\代理模式.csproj", "{4A2D9CFF-512C-4B5D-A563-665BF7F69FE1}"
EndProject
Project("{FAE04EC0-301F-11D3-BF4B-00C04F79EFBC}") = "工厂方法模式", "工厂方法模式\工厂方法模式.csproj", "{2858FD7A-2370-4A48-A9E8-DAC2C9F37B77}"
EndProject
Project("{FAE04EC0-301F-11D3-BF4B-00C04F79EFBC}") = "原型模式", "原型模式\原型模式.csproj", "{6E59207C-3AC2-4737-A207-8480B50E1FB2}"
EndProject
Project("{FAE04EC0-301F-11D3-BF4B-00C04F79EFBC}") = "模板方法模式", "模板方法\模板方法模式.csproj", "{2CE7DDA9-864A-433C-8E4F-0B10C892BF08}"
EndProject
Project("{FAE04EC0-301F-11D3-BF4B-00C04F79EFBC}") = "外观模式", "外观模式\外观模式.csproj", "{042ED087-5729-40F2-9283-E7C6AB6DA820}"
EndProject
Project("{FAE04EC0-301F-11D3-BF4B-00C04F79EFBC}") = "建造者模式", "建造者模式\建造者模式.csproj", "{D8EBDEB2-B1F1-4F3C-9334-295A99C89F31}"
EndProject
Project("{FAE04EC0-301F-11D3-BF4B-00C04F79EFBC}") = "观察者", "观察者\观察者.csproj", "{09B580DD-12E6-4444-832E-3BDB0E138394}"
EndProject
Project("{FAE04EC0-301F-11D3-BF4B-00C04F79EFBC}") = "观察者模式事件委托实现", "观察者模式事件委托实现\观察者模式事件委托实现.csproj", "{03D84140-BFD3-4A7F-B2F6-0F266B1E4884}"
EndProject
Project("{FAE04EC0-301F-11D3-BF4B-00C04F79EFBC}") = "数据访问 反射+抽象工厂方法模式", "数据访问 工厂方法模式\数据访问 反射+抽象工厂方法模式.csproj", "{C88D569E-E004-48D3-9550-EDAD652DE44A}"
EndProject
Project("{FAE04EC0-301F-11D3-BF4B-00C04F79EFBC}") = "状态模式", "状态模式\状态模式.csproj", "{85DD9C3B-5B1F-4B3F-9714-C5F21CE7E395}"
EndProject
Project("{FAE04EC0-301F-11D3-BF4B-00C04F79EFBC}") = "工作状态（状态模式）", "工作状态（状态模式）\工作状态（状态模式）.csproj", "{0EB7356A-F5B4-47EF-9EA8-798991C0C2E4}"
EndProject
Project("{FAE04EC0-301F-11D3-BF4B-00C04F79EFBC}") = "适配器模式", "适配器模式\适配器模式.csproj", "{C1455C72-4A6E-4914-BF27-E09E1C9A0B41}"
EndProject
Project("{FAE04EC0-301F-11D3-BF4B-00C04F79EFBC}") = "备忘录模式", "备忘录模式\备忘录模式.csproj", "{7FA533BF-0F68-442D-A8E5-4648BB714755}"
EndProject
Project("{FAE04EC0-301F-11D3-BF4B-00C04F79EFBC}") = "组合模式", "组合模式\组合模式.csproj", "{D7F11B45-116D-4C6E-B0BD-8D8E48109DD7}"
EndProject
Project("{FAE04EC0-301F-11D3-BF4B-00C04F79EFBC}") = "迭代器模式", "迭代器模式\迭代器模式.csproj", "{BD566D25-B0DA-40DA-BA7E-2158C79B94DC}"
EndProject
Project("{FAE04EC0-301F-11D3-BF4B-00C04F79EFBC}") = "桥接模式", "桥接模式\桥接模式.csproj", "{1C9865E8-83A2-4C8A-AD16-67595F3F9FA7}"
EndProject
Project("{FAE04EC0-301F-11D3-BF4B-00C04F79EFBC}") = "命令模式", "命令模式\命令模式.csproj", "{1FA9FD8B-D4BF-4FFA-97E9-DC876EA2CF76}"
EndProject
Project("{FAE04EC0-301F-11D3-BF4B-00C04F79EFBC}") = "职责链模式", "职责链模式\职责链模式.csproj", "{7537537A-3A54-4F6C-86BC-806ECC456F63}"
EndProject
Project("{FAE04EC0-301F-11D3-BF4B-00C04F79EFBC}") = "中介者模式", "中介者模式\中介者模式.csproj", "{57644246-E9BD-42FB-97B1-0D408B459417}"
EndProject
Project("{FAE04EC0-301F-11D3-BF4B-00C04F79EFBC}") = "享元模式", "享元模式\享元模式.csproj", "{82A1621E-341C-4678-A8BA-934E11CD22F2}"
EndProject
Project("{FAE04EC0-301F-11D3-BF4B-00C04F79EFBC}") = "解释器模式", "解释器模式\解释器模式.csproj", "{9A050A28-3107-4934-886D-D2C889108EA7}"
EndProject
Project("{FAE04EC0-301F-11D3-BF4B-00C04F79EFBC}") = "访问者模式", "访问者模式\访问者模式.csproj", "{7D5423AC-55CA-48F1-B9A6-CF60054A12B4}"
EndProject
Global
	GlobalSection(SolutionConfigurationPlatforms) = preSolution
		Debug|Any CPU = Debug|Any CPU
		Release|Any CPU = Release|Any CPU
	EndGlobalSection
	GlobalSection(ProjectConfigurationPlatforms) = postSolution
		{07027311-0B9C-4586-BA89-EBC928C887CF}.Debug|Any CPU.ActiveCfg = Debug|Any CPU
		{07027311-0B9C-4586-BA89-EBC928C887CF}.Debug|Any CPU.Build.0 = Debug|Any CPU
		{07027311-0B9C-4586-BA89-EBC928C887CF}.Release|Any CPU.ActiveCfg = Release|Any CPU
		{07027311-0B9C-4586-BA89-EBC928C887CF}.Release|Any CPU.Build.0 = Release|Any CPU
		{5D60DE31-05AF-4BFE-8C91-90D682DBA540}.Debug|Any CPU.ActiveCfg = Debug|Any CPU
		{5D60DE31-05AF-4BFE-8C91-90D682DBA540}.Debug|Any CPU.Build.0 = Debug|Any CPU
		{5D60DE31-05AF-4BFE-8C91-90D682DBA540}.Release|Any CPU.ActiveCfg = Release|Any CPU
		{5D60DE31-05AF-4BFE-8C91-90D682DBA540}.Release|Any CPU.Build.0 = Release|Any CPU
		{7E3C808C-1B2F-4064-938F-7BFDA8CD373B}.Debug|Any CPU.ActiveCfg = Debug|Any CPU
		{7E3C808C-1B2F-4064-938F-7BFDA8CD373B}.Debug|Any CPU.Build.0 = Debug|Any CPU
		{7E3C808C-1B2F-4064-938F-7BFDA8CD373B}.Release|Any CPU.ActiveCfg = Release|Any CPU
		{7E3C808C-1B2F-4064-938F-7BFDA8CD373B}.Release|Any CPU.Build.0 = Release|Any CPU
		{4A2D9CFF-512C-4B5D-A563-665BF7F69FE1}.Debug|Any CPU.ActiveCfg = Debug|Any CPU
		{4A2D9CFF-512C-4B5D-A563-665BF7F69FE1}.Debug|Any CPU.Build.0 = Debug|Any CPU
		{4A2D9CFF-512C-4B5D-A563-665BF7F69FE1}.Release|Any CPU.ActiveCfg = Release|Any CPU
		{4A2D9CFF-512C-4B5D-A563-665BF7F69FE1}.Release|Any CPU.Build.0 = Release|Any CPU
		{2858FD7A-2370-4A48-A9E8-DAC2C9F37B77}.Debug|Any CPU.ActiveCfg = Debug|Any CPU
		{2858FD7A-2370-4A48-A9E8-DAC2C9F37B77}.Debug|Any CPU.Build.0 = Debug|Any CPU
		{2858FD7A-2370-4A48-A9E8-DAC2C9F37B77}.Release|Any CPU.ActiveCfg = Release|Any CPU
		{2858FD7A-2370-4A48-A9E8-DAC2C9F37B77}.Release|Any CPU.Build.0 = Release|Any CPU
		{6E59207C-3AC2-4737-A207-8480B50E1FB2}.Debug|Any CPU.ActiveCfg = Debug|Any CPU
		{6E59207C-3AC2-4737-A207-8480B50E1FB2}.Debug|Any CPU.Build.0 = Debug|Any CPU
		{6E59207C-3AC2-4737-A207-8480B50E1FB2}.Release|Any CPU.ActiveCfg = Release|Any CPU
		{6E59207C-3AC2-4737-A207-8480B50E1FB2}.Release|Any CPU.Build.0 = Release|Any CPU
		{2CE7DDA9-864A-433C-8E4F-0B10C892BF08}.Debug|Any CPU.ActiveCfg = Debug|Any CPU
		{2CE7DDA9-864A-433C-8E4F-0B10C892BF08}.Debug|Any CPU.Build.0 = Debug|Any CPU
		{2CE7DDA9-864A-433C-8E4F-0B10C892BF08}.Release|Any CPU.ActiveCfg = Release|Any CPU
		{2CE7DDA9-864A-433C-8E4F-0B10C892BF08}.Release|Any CPU.Build.0 = Release|Any CPU
		{042ED087-5729-40F2-9283-E7C6AB6DA820}.Debug|Any CPU.ActiveCfg = Debug|Any CPU
		{042ED087-5729-40F2-9283-E7C6AB6DA820}.Debug|Any CPU.Build.0 = Debug|Any CPU
		{042ED087-5729-40F2-9283-E7C6AB6DA820}.Release|Any CPU.ActiveCfg = Release|Any CPU
		{042ED087-5729-40F2-9283-E7C6AB6DA820}.Release|Any CPU.Build.0 = Release|Any CPU
		{D8EBDEB2-B1F1-4F3C-9334-295A99C89F31}.Debug|Any CPU.ActiveCfg = Debug|Any CPU
		{D8EBDEB2-B1F1-4F3C-9334-295A99C89F31}.Debug|Any CPU.Build.0 = Debug|Any CPU
		{D8EBDEB2-B1F1-4F3C-9334-295A99C89F31}.Release|Any CPU.ActiveCfg = Release|Any CPU
		{D8EBDEB2-B1F1-4F3C-9334-295A99C89F31}.Release|Any CPU.Build.0 = Release|Any CPU
		{09B580DD-12E6-4444-832E-3BDB0E138394}.Debug|Any CPU.ActiveCfg = Debug|Any CPU
		{09B580DD-12E6-4444-832E-3BDB0E138394}.Debug|Any CPU.Build.0 = Debug|Any CPU
		{09B580DD-12E6-4444-832E-3BDB0E138394}.Release|Any CPU.ActiveCfg = Release|Any CPU
		{09B580DD-12E6-4444-832E-3BDB0E138394}.Release|Any CPU.Build.0 = Release|Any CPU
		{03D84140-BFD3-4A7F-B2F6-0F266B1E4884}.Debug|Any CPU.ActiveCfg = Debug|Any CPU
		{03D84140-BFD3-4A7F-B2F6-0F266B1E4884}.Debug|Any CPU.Build.0 = Debug|Any CPU
		{03D84140-BFD3-4A7F-B2F6-0F266B1E4884}.Release|Any CPU.ActiveCfg = Release|Any CPU
		{03D84140-BFD3-4A7F-B2F6-0F266B1E4884}.Release|Any CPU.Build.0 = Release|Any CPU
		{C88D569E-E004-48D3-9550-EDAD652DE44A}.Debug|Any CPU.ActiveCfg = Debug|Any CPU
		{C88D569E-E004-48D3-9550-EDAD652DE44A}.Debug|Any CPU.Build.0 = Debug|Any CPU
		{C88D569E-E004-48D3-9550-EDAD652DE44A}.Release|Any CPU.ActiveCfg = Release|Any CPU
		{C88D569E-E004-48D3-9550-EDAD652DE44A}.Release|Any CPU.Build.0 = Release|Any CPU
		{85DD9C3B-5B1F-4B3F-9714-C5F21CE7E395}.Debug|Any CPU.ActiveCfg = Debug|Any CPU
		{85DD9C3B-5B1F-4B3F-9714-C5F21CE7E395}.Debug|Any CPU.Build.0 = Debug|Any CPU
		{85DD9C3B-5B1F-4B3F-9714-C5F21CE7E395}.Release|Any CPU.ActiveCfg = Release|Any CPU
		{85DD9C3B-5B1F-4B3F-9714-C5F21CE7E395}.Release|Any CPU.Build.0 = Release|Any CPU
		{0EB7356A-F5B4-47EF-9EA8-798991C0C2E4}.Debug|Any CPU.ActiveCfg = Debug|Any CPU
		{0EB7356A-F5B4-47EF-9EA8-798991C0C2E4}.Debug|Any CPU.Build.0 = Debug|Any CPU
		{0EB7356A-F5B4-47EF-9EA8-798991C0C2E4}.Release|Any CPU.ActiveCfg = Release|Any CPU
		{0EB7356A-F5B4-47EF-9EA8-798991C0C2E4}.Release|Any CPU.Build.0 = Release|Any CPU
		{C1455C72-4A6E-4914-BF27-E09E1C9A0B41}.Debug|Any CPU.ActiveCfg = Debug|Any CPU
		{C1455C72-4A6E-4914-BF27-E09E1C9A0B41}.Debug|Any CPU.Build.0 = Debug|Any CPU
		{C1455C72-4A6E-4914-BF27-E09E1C9A0B41}.Release|Any CPU.ActiveCfg = Release|Any CPU
		{C1455C72-4A6E-4914-BF27-E09E1C9A0B41}.Release|Any CPU.Build.0 = Release|Any CPU
		{7FA533BF-0F68-442D-A8E5-4648BB714755}.Debug|Any CPU.ActiveCfg = Debug|Any CPU
		{7FA533BF-0F68-442D-A8E5-4648BB714755}.Debug|Any CPU.Build.0 = Debug|Any CPU
		{7FA533BF-0F68-442D-A8E5-4648BB714755}.Release|Any CPU.ActiveCfg = Release|Any CPU
		{7FA533BF-0F68-442D-A8E5-4648BB714755}.Release|Any CPU.Build.0 = Release|Any CPU
		{D7F11B45-116D-4C6E-B0BD-8D8E48109DD7}.Debug|Any CPU.ActiveCfg = Debug|Any CPU
		{D7F11B45-116D-4C6E-B0BD-8D8E48109DD7}.Debug|Any CPU.Build.0 = Debug|Any CPU
		{D7F11B45-116D-4C6E-B0BD-8D8E48109DD7}.Release|Any CPU.ActiveCfg = Release|Any CPU
		{D7F11B45-116D-4C6E-B0BD-8D8E48109DD7}.Release|Any CPU.Build.0 = Release|Any CPU
		{BD566D25-B0DA-40DA-BA7E-2158C79B94DC}.Debug|Any CPU.ActiveCfg = Debug|Any CPU
		{BD566D25-B0DA-40DA-BA7E-2158C79B94DC}.Debug|Any CPU.Build.0 = Debug|Any CPU
		{BD566D25-B0DA-40DA-BA7E-2158C79B94DC}.Release|Any CPU.ActiveCfg = Release|Any CPU
		{BD566D25-B0DA-40DA-BA7E-2158C79B94DC}.Release|Any CPU.Build.0 = Release|Any CPU
		{1C9865E8-83A2-4C8A-AD16-67595F3F9FA7}.Debug|Any CPU.ActiveCfg = Debug|Any CPU
		{1C9865E8-83A2-4C8A-AD16-67595F3F9FA7}.Debug|Any CPU.Build.0 = Debug|Any CPU
		{1C9865E8-83A2-4C8A-AD16-67595F3F9FA7}.Release|Any CPU.ActiveCfg = Release|Any CPU
		{1C9865E8-83A2-4C8A-AD16-67595F3F9FA7}.Release|Any CPU.Build.0 = Release|Any CPU
		{1FA9FD8B-D4BF-4FFA-97E9-DC876EA2CF76}.Debug|Any CPU.ActiveCfg = Debug|Any CPU
		{1FA9FD8B-D4BF-4FFA-97E9-DC876EA2CF76}.Debug|Any CPU.Build.0 = Debug|Any CPU
		{1FA9FD8B-D4BF-4FFA-97E9-DC876EA2CF76}.Release|Any CPU.ActiveCfg = Release|Any CPU
		{1FA9FD8B-D4BF-4FFA-97E9-DC876EA2CF76}.Release|Any CPU.Build.0 = Release|Any CPU
		{7537537A-3A54-4F6C-86BC-806ECC456F63}.Debug|Any CPU.ActiveCfg = Debug|Any CPU
		{7537537A-3A54-4F6C-86BC-806ECC456F63}.Debug|Any CPU.Build.0 = Debug|Any CPU
		{7537537A-3A54-4F6C-86BC-806ECC456F63}.Release|Any CPU.ActiveCfg = Release|Any CPU
		{7537537A-3A54-4F6C-86BC-806ECC456F63}.Release|Any CPU.Build.0 = Release|Any CPU
		{57644246-E9BD-42FB-97B1-0D408B459417}.Debug|Any CPU.ActiveCfg = Debug|Any CPU
		{57644246-E9BD-42FB-97B1-0D408B459417}.Debug|Any CPU.Build.0 = Debug|Any CPU
		{57644246-E9BD-42FB-97B1-0D408B459417}.Release|Any CPU.ActiveCfg = Release|Any CPU
		{57644246-E9BD-42FB-97B1-0D408B459417}.Release|Any CPU.Build.0 = Release|Any CPU
		{82A1621E-341C-4678-A8BA-934E11CD22F2}.Debug|Any CPU.ActiveCfg = Debug|Any CPU
		{82A1621E-341C-4678-A8BA-934E11CD22F2}.Debug|Any CPU.Build.0 = Debug|Any CPU
		{82A1621E-341C-4678-A8BA-934E11CD22F2}.Release|Any CPU.ActiveCfg = Release|Any CPU
		{82A1621E-341C-4678-A8BA-934E11CD22F2}.Release|Any CPU.Build.0 = Release|Any CPU
		{9A050A28-3107-4934-886D-D2C889108EA7}.Debug|Any CPU.ActiveCfg = Debug|Any CPU
		{9A050A28-3107-4934-886D-D2C889108EA7}.Debug|Any CPU.Build.0 = Debug|Any CPU
		{9A050A28-3107-4934-886D-D2C889108EA7}.Release|Any CPU.ActiveCfg = Release|Any CPU
		{9A050A28-3107-4934-886D-D2C889108EA7}.Release|Any CPU.Build.0 = Release|Any CPU
		{7D5423AC-55CA-48F1-B9A6-CF60054A12B4}.Debug|Any CPU.ActiveCfg = Debug|Any CPU
		{7D5423AC-55CA-48F1-B9A6-CF60054A12B4}.Debug|Any CPU.Build.0 = Debug|Any CPU
		{7D5423AC-55CA-48F1-B9A6-CF60054A12B4}.Release|Any CPU.ActiveCfg = Release|Any CPU
		{7D5423AC-55CA-48F1-B9A6-CF60054A12B4}.Release|Any CPU.Build.0 = Release|Any CPU
	EndGlobalSection
	GlobalSection(SolutionProperties) = preSolution
		HideSolutionNode = FALSE
	EndGlobalSection
	GlobalSection(ExtensibilityGlobals) = postSolution
		SolutionGuid = {34D41A53-2730-4CAF-A2DA-C9B2118A2BD2}
	EndGlobalSection
EndGlobal
